{
  "nodes": {
    "nixpkgs": {
      "locked": {
        "lastModified": 1774374907,
        "narHash": "sha256-2pgXW+J51x6tsqJC64znkPsPR7Hn5DAXGoSsjH6hD5o=",
        "owner": "NixOS",
        "repo": "nixpkgs",
        "rev": "ce031847d1052b833760206f59d6f9e93b24d3a4",
        "type": "github"
      },
      "original": {
        "owner": "NixOS",
        "repo": "nixpkgs",
        "type": "github"
      }
    },
    "root": {
      "inputs": {
        "nixpkgs": "nixpkgs"
      }
    }
  },
  "root": "root",
  "version": 7
}
